
Microsoft Visual Studio Solution File, Format Version 12.00
# Visual Studio 15
VisualStudioVersion = 15.0.28307.421
MinimumVisualStudioVersion = 10.0.40219.1
Project("{9A19103F-16F7-4668-BE54-9A1E7A4F7556}") = "Datatables.Sample.Web", "Datatables\Datatables.Sample.Web.csproj", "{AA2D2D52-9CE7-4C77-A981-070B5798BF25}"
EndProject
Project("{9A19103F-16F7-4668-BE54-9A1E7A4F7556}") = "DataTables.Queryable.Support", "DataTables.Queryable.Support\DataTables.Queryable.Support.csproj", "{F9D801B6-B600-40FF-9124-815EE7827D8D}"
EndProject
Project("{9A19103F-16F7-4668-BE54-9A1E7A4F7556}") = "DataTables.Sample.Data", "DataTables.Sample.Data\DataTables.Sample.Data.csproj", "{99AA06C9-B27E-4290-816A-2B7E740C92EC}"
EndProject
Project("{9A19103F-16F7-4668-BE54-9A1E7A4F7556}") = "DataTables.Sample.Composition", "DataTables.Sample.Composition\DataTables.Sample.Composition.csproj", "{64749B21-79C6-4EC6-BD3E-A694340DD9AF}"
EndProject
Project("{9A19103F-16F7-4668-BE54-9A1E7A4F7556}") = "DataTables.Sample.Domain", "DataTables.Sample.Domain\DataTables.Sample.Domain.csproj", "{2D9563CA-DD00-43E9-99E0-577B7BEC0C41}"
EndProject
Project("{2150E333-8FDC-42A3-9474-1A3956D46DE8}") = "Solution Items", "Solution Items", "{3D3AFAB9-A61E-40A2-82FA-F90A44179799}"
	ProjectSection(SolutionItems) = preProject
		License.txt = License.txt
		README.md = README.md
		TestData.sql = TestData.sql
	EndProjectSection
EndProject
Project("{FAE04EC0-301F-11D3-BF4B-00C04F79EFBC}") = "DataTables.Queryable.Support.Tests", "DataTables.Queryable.Support.Tests\DataTables.Queryable.Support.Tests.csproj", "{6EEE0ED1-C4B6-4457-A312-378B282C5634}"
EndProject
Global
	GlobalSection(SolutionConfigurationPlatforms) = preSolution
		Debug|Any CPU = Debug|Any CPU
		Release|Any CPU = Release|Any CPU
	EndGlobalSection
	GlobalSection(ProjectConfigurationPlatforms) = postSolution
		{AA2D2D52-9CE7-4C77-A981-070B5798BF25}.Debug|Any CPU.ActiveCfg = Debug|Any CPU
		{AA2D2D52-9CE7-4C77-A981-070B5798BF25}.Debug|Any CPU.Build.0 = Debug|Any CPU
		{AA2D2D52-9CE7-4C77-A981-070B5798BF25}.Release|Any CPU.ActiveCfg = Release|Any CPU
		{AA2D2D52-9CE7-4C77-A981-070B5798BF25}.Release|Any CPU.Build.0 = Release|Any CPU
		{F9D801B6-B600-40FF-9124-815EE7827D8D}.Debug|Any CPU.ActiveCfg = Debug|Any CPU
		{F9D801B6-B600-40FF-9124-815EE7827D8D}.Debug|Any CPU.Build.0 = Debug|Any CPU
		{F9D801B6-B600-40FF-9124-815EE7827D8D}.Release|Any CPU.ActiveCfg = Release|Any CPU
		{F9D801B6-B600-40FF-9124-815EE7827D8D}.Release|Any CPU.Build.0 = Release|Any CPU
		{99AA06C9-B27E-4290-816A-2B7E740C92EC}.Debug|Any CPU.ActiveCfg = Debug|Any CPU
		{99AA06C9-B27E-4290-816A-2B7E740C92EC}.Debug|Any CPU.Build.0 = Debug|Any CPU
		{99AA06C9-B27E-4290-816A-2B7E740C92EC}.Release|Any CPU.ActiveCfg = Release|Any CPU
		{99AA06C9-B27E-4290-816A-2B7E740C92EC}.Release|Any CPU.Build.0 = Release|Any CPU
		{64749B21-79C6-4EC6-BD3E-A694340DD9AF}.Debug|Any CPU.ActiveCfg = Debug|Any CPU
		{64749B21-79C6-4EC6-BD3E-A694340DD9AF}.Debug|Any CPU.Build.0 = Debug|Any CPU
		{64749B21-79C6-4EC6-BD3E-A694340DD9AF}.Release|Any CPU.ActiveCfg = Release|Any CPU
		{64749B21-79C6-4EC6-BD3E-A694340DD9AF}.Release|Any CPU.Build.0 = Release|Any CPU
		{2D9563CA-DD00-43E9-99E0-577B7BEC0C41}.Debug|Any CPU.ActiveCfg = Debug|Any CPU
		{2D9563CA-DD00-43E9-99E0-577B7BEC0C41}.Debug|Any CPU.Build.0 = Debug|Any CPU
		{2D9563CA-DD00-43E9-99E0-577B7BEC0C41}.Release|Any CPU.ActiveCfg = Release|Any CPU
		{2D9563CA-DD00-43E9-99E0-577B7BEC0C41}.Release|Any CPU.Build.0 = Release|Any CPU
		{6EEE0ED1-C4B6-4457-A312-378B282C5634}.Debug|Any CPU.ActiveCfg = Debug|Any CPU
		{6EEE0ED1-C4B6-4457-A312-378B282C5634}.Debug|Any CPU.Build.0 = Debug|Any CPU
		{6EEE0ED1-C4B6-4457-A312-378B282C5634}.Release|Any CPU.ActiveCfg = Release|Any CPU
		{6EEE0ED1-C4B6-4457-A312-378B282C5634}.Release|Any CPU.Build.0 = Release|Any CPU
	EndGlobalSection
	GlobalSection(SolutionProperties) = preSolution
		HideSolutionNode = FALSE
	EndGlobalSection
	GlobalSection(ExtensibilityGlobals) = postSolution
		SolutionGuid = {8BE5FE8B-77E3-4C11-986C-D7F7D00FBEED}
	EndGlobalSection
EndGlobal
